
Microsoft Visual Studio Solution File, Format Version 12.00
# Visual Studio Version 17
VisualStudioVersion = 17.7.34031.279
MinimumVisualStudioVersion = 10.0.40219.1
Project("{FAE04EC0-301F-11D3-BF4B-00C04F79EFBC}") = "AnimGraphParser", "AnimGraphParser\AnimGraphParser.csproj", "{77FEC66C-714B-45DB-9E56-1F21BDE3A7E4}"
EndProject
Project("{9A19103F-16F7-4668-BE54-9A1E7A4F7556}") = "UAssetAPI", "UAssetAPI\UAssetAPI.csproj", "{178417EC-1177-413E-BE85-C83AECD64279}"
EndProject
Global
	GlobalSection(SolutionConfigurationPlatforms) = preSolution
		Debug Verbose|Any CPU = Debug Verbose|Any CPU
		Debug|Any CPU = Debug|Any CPU
		Release|Any CPU = Release|Any CPU
	EndGlobalSection
	GlobalSection(ProjectConfigurationPlatforms) = postSolution
		{77FEC66C-714B-45DB-9E56-1F21BDE3A7E4}.Debug Verbose|Any CPU.ActiveCfg = Debug|Any CPU
		{77FEC66C-714B-45DB-9E56-1F21BDE3A7E4}.Debug Verbose|Any CPU.Build.0 = Debug|Any CPU
		{77FEC66C-714B-45DB-9E56-1F21BDE3A7E4}.Debug|Any CPU.ActiveCfg = Debug|Any CPU
		{77FEC66C-714B-45DB-9E56-1F21BDE3A7E4}.Debug|Any CPU.Build.0 = Debug|Any CPU
		{77FEC66C-714B-45DB-9E56-1F21BDE3A7E4}.Release|Any CPU.ActiveCfg = Release|Any CPU
		{77FEC66C-714B-45DB-9E56-1F21BDE3A7E4}.Release|Any CPU.Build.0 = Release|Any CPU
		{178417EC-1177-413E-BE85-C83AECD64279}.Debug Verbose|Any CPU.ActiveCfg = Debug Verbose|Any CPU
		{178417EC-1177-413E-BE85-C83AECD64279}.Debug Verbose|Any CPU.Build.0 = Debug Verbose|Any CPU
		{178417EC-1177-413E-BE85-C83AECD64279}.Debug|Any CPU.ActiveCfg = Debug|Any CPU
		{178417EC-1177-413E-BE85-C83AECD64279}.Debug|Any CPU.Build.0 = Debug|Any CPU
		{178417EC-1177-413E-BE85-C83AECD64279}.Release|Any CPU.ActiveCfg = Release|Any CPU
		{178417EC-1177-413E-BE85-C83AECD64279}.Release|Any CPU.Build.0 = Release|Any CPU
	EndGlobalSection
	GlobalSection(SolutionProperties) = preSolution
		HideSolutionNode = FALSE
	EndGlobalSection
	GlobalSection(ExtensibilityGlobals) = postSolution
		SolutionGuid = {35A87FE1-606C-4AF0-B6FA-7B79F60B2AE8}
	EndGlobalSection
EndGlobal
